
Microsoft Visual Studio Solution File, Format Version 12.00
# Visual Studio Version 16
VisualStudioVersion = 16.0.30611.23
MinimumVisualStudioVersion = 10.0.40219.1
Project("{FAE04EC0-301F-11D3-BF4B-00C04F79EFBC}") = "CurrencyConverter.Android", "CurrencyConverter\CurrencyConverter.Android\CurrencyConverter.Android.csproj", "{5113FDB2-1BDA-4F0B-9E32-0555AF4067C8}"
EndProject
Project("{FAE04EC0-301F-11D3-BF4B-00C04F79EFBC}") = "CurrencyConverter.iOS", "CurrencyConverter\CurrencyConverter.iOS\CurrencyConverter.iOS.csproj", "{4C974E06-69F8-4C6F-92E9-F483E82D5EA1}"
EndProject
Project("{FAE04EC0-301F-11D3-BF4B-00C04F79EFBC}") = "CurrencyConverter", "CurrencyConverter\CurrencyConverter\CurrencyConverter.csproj", "{42424D16-B2E4-4BDA-8206-D045F5683CB7}"
EndProject
Global
	GlobalSection(SolutionConfigurationPlatforms) = preSolution
		Debug|Any CPU = Debug|Any CPU
		Debug|iPhone = Debug|iPhone
		Debug|iPhoneSimulator = Debug|iPhoneSimulator
		Release|Any CPU = Release|Any CPU
		Release|iPhone = Release|iPhone
		Release|iPhoneSimulator = Release|iPhoneSimulator
	EndGlobalSection
	GlobalSection(ProjectConfigurationPlatforms) = postSolution
		{5113FDB2-1BDA-4F0B-9E32-0555AF4067C8}.Debug|Any CPU.ActiveCfg = Debug|Any CPU
		{5113FDB2-1BDA-4F0B-9E32-0555AF4067C8}.Debug|Any CPU.Build.0 = Debug|Any CPU
		{5113FDB2-1BDA-4F0B-9E32-0555AF4067C8}.Debug|Any CPU.Deploy.0 = Debug|Any CPU
		{5113FDB2-1BDA-4F0B-9E32-0555AF4067C8}.Debug|iPhone.ActiveCfg = Debug|Any CPU
		{5113FDB2-1BDA-4F0B-9E32-0555AF4067C8}.Debug|iPhone.Build.0 = Debug|Any CPU
		{5113FDB2-1BDA-4F0B-9E32-0555AF4067C8}.Debug|iPhone.Deploy.0 = Debug|Any CPU
		{5113FDB2-1BDA-4F0B-9E32-0555AF4067C8}.Debug|iPhoneSimulator.ActiveCfg = Debug|Any CPU
		{5113FDB2-1BDA-4F0B-9E32-0555AF4067C8}.Debug|iPhoneSimulator.Build.0 = Debug|Any CPU
		{5113FDB2-1BDA-4F0B-9E32-0555AF4067C8}.Debug|iPhoneSimulator.Deploy.0 = Debug|Any CPU
		{5113FDB2-1BDA-4F0B-9E32-0555AF4067C8}.Release|Any CPU.ActiveCfg = Release|Any CPU
		{5113FDB2-1BDA-4F0B-9E32-0555AF4067C8}.Release|Any CPU.Build.0 = Release|Any CPU
		{5113FDB2-1BDA-4F0B-9E32-0555AF4067C8}.Release|Any CPU.Deploy.0 = Release|Any CPU
		{5113FDB2-1BDA-4F0B-9E32-0555AF4067C8}.Release|iPhone.ActiveCfg = Release|Any CPU
		{5113FDB2-1BDA-4F0B-9E32-0555AF4067C8}.Release|iPhone.Build.0 = Release|Any CPU
		{5113FDB2-1BDA-4F0B-9E32-0555AF4067C8}.Release|iPhone.Deploy.0 = Release|Any CPU
		{5113FDB2-1BDA-4F0B-9E32-0555AF4067C8}.Release|iPhoneSimulator.ActiveCfg = Release|Any CPU
		{5113FDB2-1BDA-4F0B-9E32-0555AF4067C8}.Release|iPhoneSimulator.Build.0 = Release|Any CPU
		{5113FDB2-1BDA-4F0B-9E32-0555AF4067C8}.Release|iPhoneSimulator.Deploy.0 = Release|Any CPU
		{4C974E06-69F8-4C6F-92E9-F483E82D5EA1}.Debug|Any CPU.ActiveCfg = Debug|iPhone
		{4C974E06-69F8-4C6F-92E9-F483E82D5EA1}.Debug|Any CPU.Build.0 = Debug|iPhone
		{4C974E06-69F8-4C6F-92E9-F483E82D5EA1}.Debug|Any CPU.Deploy.0 = Debug|iPhone
		{4C974E06-69F8-4C6F-92E9-F483E82D5EA1}.Debug|iPhone.ActiveCfg = Debug|iPhone
		{4C974E06-69F8-4C6F-92E9-F483E82D5EA1}.Debug|iPhone.Build.0 = Debug|iPhone
		{4C974E06-69F8-4C6F-92E9-F483E82D5EA1}.Debug|iPhone.Deploy.0 = Debug|iPhone
		{4C974E06-69F8-4C6F-92E9-F483E82D5EA1}.Debug|iPhoneSimulator.ActiveCfg = Debug|iPhoneSimulator
		{4C974E06-69F8-4C6F-92E9-F483E82D5EA1}.Debug|iPhoneSimulator.Build.0 = Debug|iPhoneSimulator
		{4C974E06-69F8-4C6F-92E9-F483E82D5EA1}.Debug|iPhoneSimulator.Deploy.0 = Debug|iPhoneSimulator
		{4C974E06-69F8-4C6F-92E9-F483E82D5EA1}.Release|Any CPU.ActiveCfg = Release|iPhoneSimulator
		{4C974E06-69F8-4C6F-92E9-F483E82D5EA1}.Release|Any CPU.Build.0 = Release|iPhoneSimulator
		{4C974E06-69F8-4C6F-92E9-F483E82D5EA1}.Release|Any CPU.Deploy.0 = Release|iPhoneSimulator
		{4C974E06-69F8-4C6F-92E9-F483E82D5EA1}.Release|iPhone.ActiveCfg = Release|iPhone
		{4C974E06-69F8-4C6F-92E9-F483E82D5EA1}.Release|iPhone.Build.0 = Release|iPhone
		{4C974E06-69F8-4C6F-92E9-F483E82D5EA1}.Release|iPhone.Deploy.0 = Release|iPhone
		{4C974E06-69F8-4C6F-92E9-F483E82D5EA1}.Release|iPhoneSimulator.ActiveCfg = Release|iPhoneSimulator
		{4C974E06-69F8-4C6F-92E9-F483E82D5EA1}.Release|iPhoneSimulator.Build.0 = Release|iPhoneSimulator
		{4C974E06-69F8-4C6F-92E9-F483E82D5EA1}.Release|iPhoneSimulator.Deploy.0 = Release|iPhoneSimulator
		{42424D16-B2E4-4BDA-8206-D045F5683CB7}.Debug|Any CPU.ActiveCfg = Debug|Any CPU
		{42424D16-B2E4-4BDA-8206-D045F5683CB7}.Debug|Any CPU.Build.0 = Debug|Any CPU
		{42424D16-B2E4-4BDA-8206-D045F5683CB7}.Debug|Any CPU.Deploy.0 = Debug|Any CPU
		{42424D16-B2E4-4BDA-8206-D045F5683CB7}.Debug|iPhone.ActiveCfg = Debug|Any CPU
		{42424D16-B2E4-4BDA-8206-D045F5683CB7}.Debug|iPhone.Build.0 = Debug|Any CPU
		{42424D16-B2E4-4BDA-8206-D045F5683CB7}.Debug|iPhone.Deploy.0 = Debug|Any CPU
		{42424D16-B2E4-4BDA-8206-D045F5683CB7}.Debug|iPhoneSimulator.ActiveCfg = Debug|Any CPU
		{42424D16-B2E4-4BDA-8206-D045F5683CB7}.Debug|iPhoneSimulator.Build.0 = Debug|Any CPU
		{42424D16-B2E4-4BDA-8206-D045F5683CB7}.Debug|iPhoneSimulator.Deploy.0 = Debug|Any CPU
		{42424D16-B2E4-4BDA-8206-D045F5683CB7}.Release|Any CPU.ActiveCfg = Release|Any CPU
		{42424D16-B2E4-4BDA-8206-D045F5683CB7}.Release|Any CPU.Build.0 = Release|Any CPU
		{42424D16-B2E4-4BDA-8206-D045F5683CB7}.Release|Any CPU.Deploy.0 = Release|Any CPU
		{42424D16-B2E4-4BDA-8206-D045F5683CB7}.Release|iPhone.ActiveCfg = Release|Any CPU
		{42424D16-B2E4-4BDA-8206-D045F5683CB7}.Release|iPhone.Build.0 = Release|Any CPU
		{42424D16-B2E4-4BDA-8206-D045F5683CB7}.Release|iPhone.Deploy.0 = Release|Any CPU
		{42424D16-B2E4-4BDA-8206-D045F5683CB7}.Release|iPhoneSimulator.ActiveCfg = Release|Any CPU
		{42424D16-B2E4-4BDA-8206-D045F5683CB7}.Release|iPhoneSimulator.Build.0 = Release|Any CPU
		{42424D16-B2E4-4BDA-8206-D045F5683CB7}.Release|iPhoneSimulator.Deploy.0 = Release|Any CPU
	EndGlobalSection
	GlobalSection(SolutionProperties) = preSolution
		HideSolutionNode = FALSE
	EndGlobalSection
	GlobalSection(ExtensibilityGlobals) = postSolution
		SolutionGuid = {BFBEAA1B-23E4-413E-8B90-16BD703F2CDD}
	EndGlobalSection
EndGlobal
